
Microsoft Visual Studio Solution File, Format Version 12.00
# Visual Studio Version 16
VisualStudioVersion = 16.0.30503.244
MinimumVisualStudioVersion = 10.0.40219.1
Project("{FAE04EC0-301F-11D3-BF4B-00C04F79EFBC}") = "Aula_12_Vetores", "Aula_12_Vetores\Aula_12_Vetores.csproj", "{89CAA833-876C-4F36-9294-D9EB90FD4C6A}"
EndProject
Global
	GlobalSection(SolutionConfigurationPlatforms) = preSolution
		Debug|Any CPU = Debug|Any CPU
		Release|Any CPU = Release|Any CPU
	EndGlobalSection
	GlobalSection(ProjectConfigurationPlatforms) = postSolution
		{89CAA833-876C-4F36-9294-D9EB90FD4C6A}.Debug|Any CPU.ActiveCfg = Debug|Any CPU
		{89CAA833-876C-4F36-9294-D9EB90FD4C6A}.Debug|Any CPU.Build.0 = Debug|Any CPU
		{89CAA833-876C-4F36-9294-D9EB90FD4C6A}.Release|Any CPU.ActiveCfg = Release|Any CPU
		{89CAA833-876C-4F36-9294-D9EB90FD4C6A}.Release|Any CPU.Build.0 = Release|Any CPU
	EndGlobalSection
	GlobalSection(SolutionProperties) = preSolution
		HideSolutionNode = FALSE
	EndGlobalSection
	GlobalSection(ExtensibilityGlobals) = postSolution
		SolutionGuid = {4F743577-EBF7-425A-B84F-D38856B16D2A}
	EndGlobalSection
EndGlobal
