
Microsoft Visual Studio Solution File, Format Version 12.00
# Visual Studio Version 16
VisualStudioVersion = 16.0.30503.244
MinimumVisualStudioVersion = 10.0.40219.1
Project("{FAE04EC0-301F-11D3-BF4B-00C04F79EFBC}") = "Aula_11_Encapsulamento", "Aula_11_Encapsulamento\Aula_11_Encapsulamento.csproj", "{0BFFC0A7-6AD1-45A0-B06E-CDEED1053CB6}"
EndProject
Global
	GlobalSection(SolutionConfigurationPlatforms) = preSolution
		Debug|Any CPU = Debug|Any CPU
		Release|Any CPU = Release|Any CPU
	EndGlobalSection
	GlobalSection(ProjectConfigurationPlatforms) = postSolution
		{0BFFC0A7-6AD1-45A0-B06E-CDEED1053CB6}.Debug|Any CPU.ActiveCfg = Debug|Any CPU
		{0BFFC0A7-6AD1-45A0-B06E-CDEED1053CB6}.Debug|Any CPU.Build.0 = Debug|Any CPU
		{0BFFC0A7-6AD1-45A0-B06E-CDEED1053CB6}.Release|Any CPU.ActiveCfg = Release|Any CPU
		{0BFFC0A7-6AD1-45A0-B06E-CDEED1053CB6}.Release|Any CPU.Build.0 = Release|Any CPU
	EndGlobalSection
	GlobalSection(SolutionProperties) = preSolution
		HideSolutionNode = FALSE
	EndGlobalSection
	GlobalSection(ExtensibilityGlobals) = postSolution
		SolutionGuid = {2F798B11-9E41-4328-B24C-EE2728FC6FFC}
	EndGlobalSection
EndGlobal
