
Microsoft Visual Studio Solution File, Format Version 12.00
# Visual Studio Version 16
VisualStudioVersion = 16.0.30503.244
MinimumVisualStudioVersion = 10.0.40219.1
Project("{FAE04EC0-301F-11D3-BF4B-00C04F79EFBC}") = "Aula_08_FOR", "Aula_08_FOR\Aula_08_FOR.csproj", "{69F884F9-C5BA-41DB-A922-753903C0C010}"
EndProject
Global
	GlobalSection(SolutionConfigurationPlatforms) = preSolution
		Debug|Any CPU = Debug|Any CPU
		Release|Any CPU = Release|Any CPU
	EndGlobalSection
	GlobalSection(ProjectConfigurationPlatforms) = postSolution
		{69F884F9-C5BA-41DB-A922-753903C0C010}.Debug|Any CPU.ActiveCfg = Debug|Any CPU
		{69F884F9-C5BA-41DB-A922-753903C0C010}.Debug|Any CPU.Build.0 = Debug|Any CPU
		{69F884F9-C5BA-41DB-A922-753903C0C010}.Release|Any CPU.ActiveCfg = Release|Any CPU
		{69F884F9-C5BA-41DB-A922-753903C0C010}.Release|Any CPU.Build.0 = Release|Any CPU
	EndGlobalSection
	GlobalSection(SolutionProperties) = preSolution
		HideSolutionNode = FALSE
	EndGlobalSection
	GlobalSection(ExtensibilityGlobals) = postSolution
		SolutionGuid = {8DCE3A85-DF4B-4AFF-9843-5920AEC4B078}
	EndGlobalSection
EndGlobal
