
Microsoft Visual Studio Solution File, Format Version 12.00
# Visual Studio Version 16
VisualStudioVersion = 16.0.30503.244
MinimumVisualStudioVersion = 10.0.40219.1
Project("{FAE04EC0-301F-11D3-BF4B-00C04F79EFBC}") = "Aula_28_LINQ_Lambda", "Aula_28_LINQ_Lambda\Aula_28_LINQ_Lambda.csproj", "{ED27B25D-DE7D-4978-812E-AD482080A911}"
EndProject
Global
	GlobalSection(SolutionConfigurationPlatforms) = preSolution
		Debug|Any CPU = Debug|Any CPU
		Release|Any CPU = Release|Any CPU
	EndGlobalSection
	GlobalSection(ProjectConfigurationPlatforms) = postSolution
		{ED27B25D-DE7D-4978-812E-AD482080A911}.Debug|Any CPU.ActiveCfg = Debug|Any CPU
		{ED27B25D-DE7D-4978-812E-AD482080A911}.Debug|Any CPU.Build.0 = Debug|Any CPU
		{ED27B25D-DE7D-4978-812E-AD482080A911}.Release|Any CPU.ActiveCfg = Release|Any CPU
		{ED27B25D-DE7D-4978-812E-AD482080A911}.Release|Any CPU.Build.0 = Release|Any CPU
	EndGlobalSection
	GlobalSection(SolutionProperties) = preSolution
		HideSolutionNode = FALSE
	EndGlobalSection
	GlobalSection(ExtensibilityGlobals) = postSolution
		SolutionGuid = {ED51045B-C045-48E5-8B3E-9B70781DCB45}
	EndGlobalSection
EndGlobal
